
Microsoft Visual Studio Solution File, Format Version 12.00
# Visual Studio 15
VisualStudioVersion = 15.0.28010.2036
MinimumVisualStudioVersion = 10.0.40219.1
Project("{FAE04EC0-301F-11D3-BF4B-00C04F79EFBC}") = "DiscordBotCoockie", "DiscordBotCoockie\DiscordBotCoockie.csproj", "{735E6E24-7EB4-4C8E-84E2-B79B47F62D45}"
EndProject
Global
	GlobalSection(SolutionConfigurationPlatforms) = preSolution
		Debug|Any CPU = Debug|Any CPU
		Release|Any CPU = Release|Any CPU
	EndGlobalSection
	GlobalSection(ProjectConfigurationPlatforms) = postSolution
		{735E6E24-7EB4-4C8E-84E2-B79B47F62D45}.Debug|Any CPU.ActiveCfg = Debug|Any CPU
		{735E6E24-7EB4-4C8E-84E2-B79B47F62D45}.Debug|Any CPU.Build.0 = Debug|Any CPU
		{735E6E24-7EB4-4C8E-84E2-B79B47F62D45}.Release|Any CPU.ActiveCfg = Release|Any CPU
		{735E6E24-7EB4-4C8E-84E2-B79B47F62D45}.Release|Any CPU.Build.0 = Release|Any CPU
	EndGlobalSection
	GlobalSection(SolutionProperties) = preSolution
		HideSolutionNode = FALSE
	EndGlobalSection
	GlobalSection(ExtensibilityGlobals) = postSolution
		SolutionGuid = {9D0D576B-610A-4BAD-8FF6-1F7F2571FFE7}
	EndGlobalSection
EndGlobal
